
Microsoft Visual Studio Solution File, Format Version 12.00
# Visual Studio Version 17
VisualStudioVersion = 17.6.33717.318
MinimumVisualStudioVersion = 10.0.40219.1
Project("{9A19103F-16F7-4668-BE54-9A1E7A4F7556}") = "FluentInterface", "FluentInterface\FluentInterface.csproj", "{8BFE3239-416F-4828-9581-F9CB1691C905}"
EndProject
Project("{FAE04EC0-301F-11D3-BF4B-00C04F79EFBC}") = "Singleton", "Singleton\Singleton.csproj", "{301288F5-5518-4DEF-9DE6-D6391D19F076}"
EndProject
Global
	GlobalSection(SolutionConfigurationPlatforms) = preSolution
		Debug|Any CPU = Debug|Any CPU
		Release|Any CPU = Release|Any CPU
	EndGlobalSection
	GlobalSection(ProjectConfigurationPlatforms) = postSolution
		{8BFE3239-416F-4828-9581-F9CB1691C905}.Debug|Any CPU.ActiveCfg = Debug|Any CPU
		{8BFE3239-416F-4828-9581-F9CB1691C905}.Debug|Any CPU.Build.0 = Debug|Any CPU
		{8BFE3239-416F-4828-9581-F9CB1691C905}.Release|Any CPU.ActiveCfg = Release|Any CPU
		{8BFE3239-416F-4828-9581-F9CB1691C905}.Release|Any CPU.Build.0 = Release|Any CPU
		{301288F5-5518-4DEF-9DE6-D6391D19F076}.Debug|Any CPU.ActiveCfg = Debug|Any CPU
		{301288F5-5518-4DEF-9DE6-D6391D19F076}.Debug|Any CPU.Build.0 = Debug|Any CPU
		{301288F5-5518-4DEF-9DE6-D6391D19F076}.Release|Any CPU.ActiveCfg = Release|Any CPU
		{301288F5-5518-4DEF-9DE6-D6391D19F076}.Release|Any CPU.Build.0 = Release|Any CPU
	EndGlobalSection
	GlobalSection(SolutionProperties) = preSolution
		HideSolutionNode = FALSE
	EndGlobalSection
	GlobalSection(ExtensibilityGlobals) = postSolution
		SolutionGuid = {82EE0B81-9809-4254-BD81-216F6E62C703}
	EndGlobalSection
EndGlobal
